dependencies:
- name: traefik
  repository: https://traefik.github.io/charts
  version: 24.0.0
- name: postgresql
  repository: https://charts.bitnami.com/bitnami
  version: 13.0.0
digest: sha256:e204e863b251113262d2ec5f990a0b814034ca3ff1ab6b69b8a75375e4df8718
generated: "2023-10-04T15:43:39.837849+02:00"
